
Microsoft Visual Studio Solution File, Format Version 12.00
# Visual Studio Version 17
VisualStudioVersion = 17.3.32901.215
MinimumVisualStudioVersion = 10.0.40219.1
Project("{FAE04EC0-301F-11D3-BF4B-00C04F79EFBC}") = "ControleDeEstoque.Server", "ControleDeEstoque\Server\ControleDeEstoque.Server.csproj", "{330B9B8E-C745-4C5F-A2CF-E2A45B17D72E}"
EndProject
Project("{FAE04EC0-301F-11D3-BF4B-00C04F79EFBC}") = "ControleDeEstoque.Client", "ControleDeEstoque\Client\ControleDeEstoque.Client.csproj", "{9E47F510-BB09-4F3A-9052-5AFE0B8E9AE3}"
EndProject
Project("{FAE04EC0-301F-11D3-BF4B-00C04F79EFBC}") = "ControleDeEstoque.Shared", "ControleDeEstoque\Shared\ControleDeEstoque.Shared.csproj", "{603A2A6F-50E3-41A3-AF05-74D8617D608A}"
EndProject
Global
	GlobalSection(SolutionConfigurationPlatforms) = preSolution
		Debug|Any CPU = Debug|Any CPU
		Release|Any CPU = Release|Any CPU
	EndGlobalSection
	GlobalSection(ProjectConfigurationPlatforms) = postSolution
		{330B9B8E-C745-4C5F-A2CF-E2A45B17D72E}.Debug|Any CPU.ActiveCfg = Debug|Any CPU
		{330B9B8E-C745-4C5F-A2CF-E2A45B17D72E}.Debug|Any CPU.Build.0 = Debug|Any CPU
		{330B9B8E-C745-4C5F-A2CF-E2A45B17D72E}.Release|Any CPU.ActiveCfg = Release|Any CPU
		{330B9B8E-C745-4C5F-A2CF-E2A45B17D72E}.Release|Any CPU.Build.0 = Release|Any CPU
		{9E47F510-BB09-4F3A-9052-5AFE0B8E9AE3}.Debug|Any CPU.ActiveCfg = Debug|Any CPU
		{9E47F510-BB09-4F3A-9052-5AFE0B8E9AE3}.Debug|Any CPU.Build.0 = Debug|Any CPU
		{9E47F510-BB09-4F3A-9052-5AFE0B8E9AE3}.Release|Any CPU.ActiveCfg = Release|Any CPU
		{9E47F510-BB09-4F3A-9052-5AFE0B8E9AE3}.Release|Any CPU.Build.0 = Release|Any CPU
		{603A2A6F-50E3-41A3-AF05-74D8617D608A}.Debug|Any CPU.ActiveCfg = Debug|Any CPU
		{603A2A6F-50E3-41A3-AF05-74D8617D608A}.Debug|Any CPU.Build.0 = Debug|Any CPU
		{603A2A6F-50E3-41A3-AF05-74D8617D608A}.Release|Any CPU.ActiveCfg = Release|Any CPU
		{603A2A6F-50E3-41A3-AF05-74D8617D608A}.Release|Any CPU.Build.0 = Release|Any CPU
	EndGlobalSection
	GlobalSection(SolutionProperties) = preSolution
		HideSolutionNode = FALSE
	EndGlobalSection
	GlobalSection(ExtensibilityGlobals) = postSolution
		SolutionGuid = {31A4B0CD-98A0-4E3F-9DC0-4027D5C85132}
	EndGlobalSection
EndGlobal
